
Microsoft Visual Studio Solution File, Format Version 12.00
# Visual Studio Version 17
VisualStudioVersion = 17.14.36203.30
MinimumVisualStudioVersion = 10.0.40219.1
Project("{FAE04EC0-301F-11D3-BF4B-00C04F79EFBC}") = "StackTutorial", "StackTutorial\StackTutorial.csproj", "{3DCFF71C-10A7-4A9F-A40C-E21C9AAB7691}"
EndProject
Project("{FAE04EC0-301F-11D3-BF4B-00C04F79EFBC}") = "UmbrellaCorp", "UmbrellaCorp\UmbrellaCorp.csproj", "{DDF242FE-46BE-2658-FB64-8FFAABD9B3F7}"
EndProject
Global
	GlobalSection(SolutionConfigurationPlatforms) = preSolution
		Debug|Any CPU = Debug|Any CPU
		Release|Any CPU = Release|Any CPU
	EndGlobalSection
	GlobalSection(ProjectConfigurationPlatforms) = postSolution
		{3DCFF71C-10A7-4A9F-A40C-E21C9AAB7691}.Debug|Any CPU.ActiveCfg = Debug|Any CPU
		{3DCFF71C-10A7-4A9F-A40C-E21C9AAB7691}.Debug|Any CPU.Build.0 = Debug|Any CPU
		{3DCFF71C-10A7-4A9F-A40C-E21C9AAB7691}.Release|Any CPU.ActiveCfg = Release|Any CPU
		{3DCFF71C-10A7-4A9F-A40C-E21C9AAB7691}.Release|Any CPU.Build.0 = Release|Any CPU
		{DDF242FE-46BE-2658-FB64-8FFAABD9B3F7}.Debug|Any CPU.ActiveCfg = Debug|Any CPU
		{DDF242FE-46BE-2658-FB64-8FFAABD9B3F7}.Debug|Any CPU.Build.0 = Debug|Any CPU
		{DDF242FE-46BE-2658-FB64-8FFAABD9B3F7}.Release|Any CPU.ActiveCfg = Release|Any CPU
		{DDF242FE-46BE-2658-FB64-8FFAABD9B3F7}.Release|Any CPU.Build.0 = Release|Any CPU
	EndGlobalSection
	GlobalSection(SolutionProperties) = preSolution
		HideSolutionNode = FALSE
	EndGlobalSection
	GlobalSection(ExtensibilityGlobals) = postSolution
		SolutionGuid = {41A4A51B-0D10-4F5C-9ACA-5EA82750C7B0}
	EndGlobalSection
EndGlobal
